
Microsoft Visual Studio Solution File, Format Version 12.00
# Visual Studio Version 16
VisualStudioVersion = 16.0.31624.102
MinimumVisualStudioVersion = 10.0.40219.1
Project("{8BC9CEB8-8B4A-11D0-8D11-00A0C91BC942}") = "binar_tree_map", "binar_tree_map\binar_tree_map.vcxproj", "{881BD5B5-01F2-4BE6-87EE-9CDC90AA9C6E}"
EndProject
Global
	GlobalSection(SolutionConfigurationPlatforms) = preSolution
		Debug|x64 = Debug|x64
		Debug|x86 = Debug|x86
		Release|x64 = Release|x64
		Release|x86 = Release|x86
	EndGlobalSection
	GlobalSection(ProjectConfigurationPlatforms) = postSolution
		{881BD5B5-01F2-4BE6-87EE-9CDC90AA9C6E}.Debug|x64.ActiveCfg = Debug|x64
		{881BD5B5-01F2-4BE6-87EE-9CDC90AA9C6E}.Debug|x64.Build.0 = Debug|x64
		{881BD5B5-01F2-4BE6-87EE-9CDC90AA9C6E}.Debug|x86.ActiveCfg = Debug|Win32
		{881BD5B5-01F2-4BE6-87EE-9CDC90AA9C6E}.Debug|x86.Build.0 = Debug|Win32
		{881BD5B5-01F2-4BE6-87EE-9CDC90AA9C6E}.Release|x64.ActiveCfg = Release|x64
		{881BD5B5-01F2-4BE6-87EE-9CDC90AA9C6E}.Release|x64.Build.0 = Release|x64
		{881BD5B5-01F2-4BE6-87EE-9CDC90AA9C6E}.Release|x86.ActiveCfg = Release|Win32
		{881BD5B5-01F2-4BE6-87EE-9CDC90AA9C6E}.Release|x86.Build.0 = Release|Win32
	EndGlobalSection
	GlobalSection(SolutionProperties) = preSolution
		HideSolutionNode = FALSE
	EndGlobalSection
	GlobalSection(ExtensibilityGlobals) = postSolution
		SolutionGuid = {0DD4A584-75A2-48B9-964B-661531449DE2}
	EndGlobalSection
EndGlobal
